// !$*UTF8*$!
{
	archiveVersion = 1;
	classes = {
	};
	objectVersion = 51;
	objects = {

/* Begin PBXBuildFile section */
		7E17005F24517F86008A45F2 /* VideoWriteManager.swift in Sources */ = {isa = PBXBuildFile; fileRef = 7E17005E24517F85008A45F2 /* VideoWriteManager.swift */; };
		7E44E0892450273000E48B00 /* AppDelegate.swift in Sources */ = {isa = PBXBuildFile; fileRef = 7E44E0882450273000E48B00 /* AppDelegate.swift */; };
		7E44E08B2450273000E48B00 /* SceneDelegate.swift in Sources */ = {isa = PBXBuildFile; fileRef = 7E44E08A2450273000E48B00 /* SceneDelegate.swift */; };
		7E44E0902450273000E48B00 /* Main.storyboard in Resources */ = {isa = PBXBuildFile; fileRef = 7E44E08E2450273000E48B00 /* Main.storyboard */; };
		7E44E0922450273300E48B00 /* Assets.xcassets in Resources */ = {isa = PBXBuildFile; fileRef = 7E44E0912450273300E48B00 /* Assets.xcassets */; };
		7E44E0952450273300E48B00 /* LaunchScreen.storyboard in Resources */ = {isa = PBXBuildFile; fileRef = 7E44E0932450273300E48B00 /* LaunchScreen.storyboard */; };
		7E44E09D2450331A00E48B00 /* VideoVC.swift in Sources */ = {isa = PBXBuildFile; fileRef = 7E44E09C2450331A00E48B00 /* VideoVC.swift */; };
		7E44E09F2450375A00E48B00 /* TTSManager.swift in Sources */ = {isa = PBXBuildFile; fileRef = 7E44E09E2450375900E48B00 /* TTSManager.swift */; };
		7E44E0A1245043D600E48B00 /* HTTPService.swift in Sources */ = {isa = PBXBuildFile; fileRef = 7E44E0A0245043D600E48B00 /* HTTPService.swift */; };
		7E44E0B82450A6EA00E48B00 /* model_cpm.mlmodel in Sources */ = {isa = PBXBuildFile; fileRef = 7E44E0B72450A6EA00E48B00 /* model_cpm.mlmodel */; };
		7E44E0BA2450A9B500E48B00 /* VideoCapture.swift in Sources */ = {isa = PBXBuildFile; fileRef = 7E44E0B92450A9B500E48B00 /* VideoCapture.swift */; };
		7E44E0BC2450AA1A00E48B00 /* Measure.swift in Sources */ = {isa = PBXBuildFile; fileRef = 7E44E0BB2450AA1A00E48B00 /* Measure.swift */; };
		7E44E0BF2450AB7F00E48B00 /* HeatmapPostProcessor.swift in Sources */ = {isa = PBXBuildFile; fileRef = 7E44E0BD2450AB7F00E48B00 /* HeatmapPostProcessor.swift */; };
		7E44E0C02450AB7F00E48B00 /* MovingAverageFilter.swift in Sources */ = {isa = PBXBuildFile; fileRef = 7E44E0BE2450AB7F00E48B00 /* MovingAverageFilter.swift */; };
		7E44E0C22450ABA200E48B00 /* PredictedPoint.swift in Sources */ = {isa = PBXBuildFile; fileRef = 7E44E0C12450ABA200E48B00 /* PredictedPoint.swift */; };
		7E44E0C42450AC4700E48B00 /* DrawingJointView.swift in Sources */ = {isa = PBXBuildFile; fileRef = 7E44E0C32450AC4700E48B00 /* DrawingJointView.swift */; };
		7E737F182451D6C600359950 /* Extensions.swift in Sources */ = {isa = PBXBuildFile; fileRef = 7E737F172451D6C600359950 /* Extensions.swift */; };
		7E737F1C2451FE3E00359950 /* OnboardingVC.swift in Sources */ = {isa = PBXBuildFile; fileRef = 7E737F1B2451FE3E00359950 /* OnboardingVC.swift */; };
		7E737F1E2451FE5300359950 /* OnboardingCVC.swift in Sources */ = {isa = PBXBuildFile; fileRef = 7E737F1D2451FE5300359950 /* OnboardingCVC.swift */; };
		7E737F212451FE6700359950 /* OnboardingCVC.xib in Resources */ = {isa = PBXBuildFile; fileRef = 7E737F202451FE6700359950 /* OnboardingCVC.xib */; };
		D7E0434097BF53780072D06F /* Pods_PoseEstimation.framework in Frameworks */ = {isa = PBXBuildFile; fileRef = DB77F6AFDE7A3CAD17CF3D3D /* Pods_PoseEstimation.framework */; };
/* End PBXBuildFile section */

/* Begin PBXFileReference section */
		7E17005E24517F85008A45F2 /* VideoWriteManager.swift */ = {isa = PBXFileReference; fileEncoding = 4; lastKnownFileType = sourcecode.swift; path = VideoWriteManager.swift; sourceTree = "<group>"; };
		7E44E0852450273000E48B00 /* Resilient.ai.app */ = {isa = PBXFileReference; explicitFileType = wrapper.application; includeInIndex = 0; path = Resilient.ai.app; sourceTree = BUILT_PRODUCTS_DIR; };
		7E44E0882450273000E48B00 /* AppDelegate.swift */ = {isa = PBXFileReference; lastKnownFileType = sourcecode.swift; path = AppDelegate.swift; sourceTree = "<group>"; };
		7E44E08A2450273000E48B00 /* SceneDelegate.swift */ = {isa = PBXFileReference; lastKnownFileType = sourcecode.swift; path = SceneDelegate.swift; sourceTree = "<group>"; };
		7E44E08F2450273000E48B00 /* Base */ = {isa = PBXFileReference; lastKnownFileType = file.storyboard; name = Base; path = Base.lproj/Main.storyboard; sourceTree = "<group>"; };
		7E44E0912450273300E48B00 /* Assets.xcassets */ = {isa = PBXFileReference; lastKnownFileType = folder.assetcatalog; path = Assets.xcassets; sourceTree = "<group>"; };
		7E44E0942450273300E48B00 /* Base */ = {isa = PBXFileReference; lastKnownFileType = file.storyboard; name = Base; path = Base.lproj/LaunchScreen.storyboard; sourceTree = "<group>"; };
		7E44E0962450273300E48B00 /* Info.plist */ = {isa = PBXFileReference; lastKnownFileType = text.plist.xml; path = Info.plist; sourceTree = "<group>"; };
		7E44E09C2450331A00E48B00 /* VideoVC.swift */ = {isa = PBXFileReference; lastKnownFileType = sourcecode.swift; path = VideoVC.swift; sourceTree = "<group>"; };
		7E44E09E2450375900E48B00 /* TTSManager.swift */ = {isa = PBXFileReference; lastKnownFileType = sourcecode.swift; path = TTSManager.swift; sourceTree = "<group>"; };
		7E44E0A0245043D600E48B00 /* HTTPService.swift */ = {isa = PBXFileReference; lastKnownFileType = sourcecode.swift; path = HTTPService.swift; sourceTree = "<group>"; };
		7E44E0B72450A6EA00E48B00 /* model_cpm.mlmodel */ = {isa = PBXFileReference; lastKnownFileType = file.mlmodel; path = model_cpm.mlmodel; sourceTree = "<group>"; };
		7E44E0B92450A9B500E48B00 /* VideoCapture.swift */ = {isa = PBXFileReference; fileEncoding = 4; lastKnownFileType = sourcecode.swift; path = VideoCapture.swift; sourceTree = "<group>"; };
		7E44E0BB2450AA1A00E48B00 /* Measure.swift */ = {isa = PBXFileReference; fileEncoding = 4; lastKnownFileType = sourcecode.swift; path = Measure.swift; sourceTree = "<group>"; };
		7E44E0BD2450AB7F00E48B00 /* HeatmapPostProcessor.swift */ = {isa = PBXFileReference; fileEncoding = 4; lastKnownFileType = sourcecode.swift; path = HeatmapPostProcessor.swift; sourceTree = "<group>"; };
		7E44E0BE2450AB7F00E48B00 /* MovingAverageFilter.swift */ = {isa = PBXFileReference; fileEncoding = 4; lastKnownFileType = sourcecode.swift; path = MovingAverageFilter.swift; sourceTree = "<group>"; };
		7E44E0C12450ABA200E48B00 /* PredictedPoint.swift */ = {isa = PBXFileReference; fileEncoding = 4; lastKnownFileType = sourcecode.swift; path = PredictedPoint.swift; sourceTree = "<group>"; };
		7E44E0C32450AC4700E48B00 /* DrawingJointView.swift */ = {isa = PBXFileReference; fileEncoding = 4; lastKnownFileType = sourcecode.swift; path = DrawingJointView.swift; sourceTree = "<group>"; };
		7E737F172451D6C600359950 /* Extensions.swift */ = {isa = PBXFileReference; lastKnownFileType = sourcecode.swift; path = Extensions.swift; sourceTree = "<group>"; };
		7E737F1B2451FE3E00359950 /* OnboardingVC.swift */ = {isa = PBXFileReference; lastKnownFileType = sourcecode.swift; path = OnboardingVC.swift; sourceTree = "<group>"; };
		7E737F1D2451FE5300359950 /* OnboardingCVC.swift */ = {isa = PBXFileReference; lastKnownFileType = sourcecode.swift; path = OnboardingCVC.swift; sourceTree = "<group>"; };
		7E737F202451FE6700359950 /* OnboardingCVC.xib */ = {isa = PBXFileReference; lastKnownFileType = file.xib; path = OnboardingCVC.xib; sourceTree = "<group>"; };
		8B22F20BD17C6FA6A34415BB /* Pods-PoseEstimation.release.xcconfig */ = {isa = PBXFileReference; includeInIndex = 1; lastKnownFileType = text.xcconfig; name = "Pods-PoseEstimation.release.xcconfig"; path = "Target Support Files/Pods-PoseEstimation/Pods-PoseEstimation.release.xcconfig"; sourceTree = "<group>"; };
		C7BE2F810924948FEC6D44F1 /* Pods-PoseEstimation.debug.xcconfig */ = {isa = PBXFileReference; includeInIndex = 1; lastKnownFileType = text.xcconfig; name = "Pods-PoseEstimation.debug.xcconfig"; path = "Target Support Files/Pods-PoseEstimation/Pods-PoseEstimation.debug.xcconfig"; sourceTree = "<group>"; };
		DB77F6AFDE7A3CAD17CF3D3D /* Pods_PoseEstimation.framework */ = {isa = PBXFileReference; explicitFileType = wrapper.framework; includeInIndex = 0; path = Pods_PoseEstimation.framework; sourceTree = BUILT_PRODUCTS_DIR; };
/* End PBXFileReference section */

/* Begin PBXFrameworksBuildPhase section */
		7E44E0822450272F00E48B00 /* Frameworks */ = {
			isa = PBXFrameworksBuildPhase;
			buildActionMask = 2147483647;
			files = (
				D7E0434097BF53780072D06F /* Pods_PoseEstimation.framework in Frameworks */,
			);
			runOnlyForDeploymentPostprocessing = 0;
		};
/* End PBXFrameworksBuildPhase section */

/* Begin PBXGroup section */
		2B94715536D030BC5BC2A660 /* Pods */ = {
			isa = PBXGroup;
			children = (
				C7BE2F810924948FEC6D44F1 /* Pods-PoseEstimation.debug.xcconfig */,
				8B22F20BD17C6FA6A34415BB /* Pods-PoseEstimation.release.xcconfig */,
			);
			path = Pods;
			sourceTree = "<group>";
		};
		7E44E07C2450272F00E48B00 = {
			isa = PBXGroup;
			children = (
				7E44E0872450273000E48B00 /* PoseEstimation */,
				7E44E0862450273000E48B00 /* Products */,
				2B94715536D030BC5BC2A660 /* Pods */,
				CAB3834F4F78705668464286 /* Frameworks */,
			);
			sourceTree = "<group>";
		};
		7E44E0862450273000E48B00 /* Products */ = {
			isa = PBXGroup;
			children = (
				7E44E0852450273000E48B00 /* Resilient.ai.app */,
			);
			name = Products;
			sourceTree = "<group>";
		};
		7E44E0872450273000E48B00 /* PoseEstimation */ = {
			isa = PBXGroup;
			children = (
				7E44E0A22450A54300E48B00 /* MLModels */,
				7E737F122451D5ED00359950 /* AppCore */,
				7E737F142451D5FF00359950 /* UI */,
				7E737F152451D60300359950 /* Resources */,
				7E737F162451D60D00359950 /* System */,
				7E44E0962450273300E48B00 /* Info.plist */,
			);
			path = PoseEstimation;
			sourceTree = "<group>";
		};
		7E44E0A22450A54300E48B00 /* MLModels */ = {
			isa = PBXGroup;
			children = (
				7E44E0A92450A56600E48B00 /* cpm_model */,
			);
			path = MLModels;
			sourceTree = "<group>";
		};
		7E44E0A92450A56600E48B00 /* cpm_model */ = {
			isa = PBXGroup;
			children = (
				7E44E0B72450A6EA00E48B00 /* model_cpm.mlmodel */,
			);
			path = cpm_model;
			sourceTree = "<group>";
		};
		7E737F122451D5ED00359950 /* AppCore */ = {
			isa = PBXGroup;
			children = (
				7E44E0A0245043D600E48B00 /* HTTPService.swift */,
				7E44E09E2450375900E48B00 /* TTSManager.swift */,
				7E737F172451D6C600359950 /* Extensions.swift */,
				7E737F132451D5F800359950 /* External */,
			);
			path = AppCore;
			sourceTree = "<group>";
		};
		7E737F132451D5F800359950 /* External */ = {
			isa = PBXGroup;
			children = (
				7E44E0BE2450AB7F00E48B00 /* MovingAverageFilter.swift */,
				7E44E0B92450A9B500E48B00 /* VideoCapture.swift */,
				7E17005E24517F85008A45F2 /* VideoWriteManager.swift */,
				7E44E0C12450ABA200E48B00 /* PredictedPoint.swift */,
				7E44E0C32450AC4700E48B00 /* DrawingJointView.swift */,
				7E44E0BD2450AB7F00E48B00 /* HeatmapPostProcessor.swift */,
				7E44E0BB2450AA1A00E48B00 /* Measure.swift */,
			);
			path = External;
			sourceTree = "<group>";
		};
		7E737F142451D5FF00359950 /* UI */ = {
			isa = PBXGroup;
			children = (
				7E737F1F2451FE5900359950 /* Xib */,
				7E737F1A2451D82E00359950 /* Storyboards */,
				7E737F192451D81F00359950 /* Controllers */,
			);
			path = UI;
			sourceTree = "<group>";
		};
		7E737F152451D60300359950 /* Resources */ = {
			isa = PBXGroup;
			children = (
				7E44E0912450273300E48B00 /* Assets.xcassets */,
			);
			path = Resources;
			sourceTree = "<group>";
		};
		7E737F162451D60D00359950 /* System */ = {
			isa = PBXGroup;
			children = (
				7E44E0882450273000E48B00 /* AppDelegate.swift */,
				7E44E08A2450273000E48B00 /* SceneDelegate.swift */,
			);
			path = System;
			sourceTree = "<group>";
		};
		7E737F192451D81F00359950 /* Controllers */ = {
			isa = PBXGroup;
			children = (
				7E44E09C2450331A00E48B00 /* VideoVC.swift */,
				7E737F1B2451FE3E00359950 /* OnboardingVC.swift */,
				7E737F1D2451FE5300359950 /* OnboardingCVC.swift */,
			);
			path = Controllers;
			sourceTree = "<group>";
		};
		7E737F1A2451D82E00359950 /* Storyboards */ = {
			isa = PBXGroup;
			children = (
				7E44E08E2450273000E48B00 /* Main.storyboard */,
				7E44E0932450273300E48B00 /* LaunchScreen.storyboard */,
			);
			path = Storyboards;
			sourceTree = "<group>";
		};
		7E737F1F2451FE5900359950 /* Xib */ = {
			isa = PBXGroup;
			children = (
				7E737F202451FE6700359950 /* OnboardingCVC.xib */,
			);
			path = Xib;
			sourceTree = "<group>";
		};
		CAB3834F4F78705668464286 /* Frameworks */ = {
			isa = PBXGroup;
			children = (
				DB77F6AFDE7A3CAD17CF3D3D /* Pods_PoseEstimation.framework */,
			);
			name = Frameworks;
			sourceTree = "<group>";
		};
/* End PBXGroup section */

/* Begin PBXNativeTarget section */
		7E44E0842450272F00E48B00 /* PoseEstimation */ = {
			isa = PBXNativeTarget;
			buildConfigurationList = 7E44E0992450273300E48B00 /* Build configuration list for PBXNativeTarget "PoseEstimation" */;
			buildPhases = (
				E16BF0809D1167741776AE99 /* [CP] Check Pods Manifest.lock */,
				7E44E0812450272F00E48B00 /* Sources */,
				7E44E0822450272F00E48B00 /* Frameworks */,
				7E44E0832450272F00E48B00 /* Resources */,
				E9456AE265A42DCF6C1EF897 /* [CP] Embed Pods Frameworks */,
			);
			buildRules = (
			);
			dependencies = (
			);
			name = PoseEstimation;
			productName = PoseEstimation;
			productReference = 7E44E0852450273000E48B00 /* Resilient.ai.app */;
			productType = "com.apple.product-type.application";
		};
/* End PBXNativeTarget section */

/* Begin PBXProject section */
		7E44E07D2450272F00E48B00 /* Project object */ = {
			isa = PBXProject;
			attributes = {
				LastSwiftUpdateCheck = 1140;
				LastUpgradeCheck = 1140;
				ORGANIZATIONNAME = "Lazar Djordjevic";
				TargetAttributes = {
					7E44E0842450272F00E48B00 = {
						CreatedOnToolsVersion = 11.4;
					};
				};
			};
			buildConfigurationList = 7E44E0802450272F00E48B00 /* Build configuration list for PBXProject "PoseEstimation" */;
			compatibilityVersion = "Xcode 9.3";
			developmentRegion = en;
			hasScannedForEncodings = 0;
			knownRegions = (
				en,
				Base,
			);
			mainGroup = 7E44E07C2450272F00E48B00;
			productRefGroup = 7E44E0862450273000E48B00 /* Products */;
			projectDirPath = "";
			projectRoot = "";
			targets = (
				7E44E0842450272F00E48B00 /* PoseEstimation */,
			);
		};
/* End PBXProject section */

/* Begin PBXResourcesBuildPhase section */
		7E44E0832450272F00E48B00 /* Resources */ = {
			isa = PBXResourcesBuildPhase;
			buildActionMask = 2147483647;
			files = (
				7E44E0952450273300E48B00 /* LaunchScreen.storyboard in Resources */,
				7E737F212451FE6700359950 /* OnboardingCVC.xib in Resources */,
				7E44E0922450273300E48B00 /* Assets.xcassets in Resources */,
				7E44E0902450273000E48B00 /* Main.storyboard in Resources */,
			);
			runOnlyForDeploymentPostprocessing = 0;
		};
/* End PBXResourcesBuildPhase section */

/* Begin PBXShellScriptBuildPhase section */
		E16BF0809D1167741776AE99 /* [CP] Check Pods Manifest.lock */ = {
			isa = PBXShellScriptBuildPhase;
			buildActionMask = 2147483647;
			files = (
			);
			inputFileListPaths = (
			);
			inputPaths = (
				"${PODS_PODFILE_DIR_PATH}/Podfile.lock",
				"${PODS_ROOT}/Manifest.lock",
			);
			name = "[CP] Check Pods Manifest.lock";
			outputFileListPaths = (
			);
			outputPaths = (
				"$(DERIVED_FILE_DIR)/Pods-PoseEstimation-checkManifestLockResult.txt",
			);
			runOnlyForDeploymentPostprocessing = 0;
			shellPath = /bin/sh;
			shellScript = "diff \"${PODS_PODFILE_DIR_PATH}/Podfile.lock\" \"${PODS_ROOT}/Manifest.lock\" > /dev/null\nif [ $? != 0 ] ; then\n    # print error to STDERR\n    echo \"error: The sandbox is not in sync with the Podfile.lock. Run 'pod install' or update your CocoaPods installation.\" >&2\n    exit 1\nfi\n# This output is used by Xcode 'outputs' to avoid re-running this script phase.\necho \"SUCCESS\" > \"${SCRIPT_OUTPUT_FILE_0}\"\n";
			showEnvVarsInLog = 0;
		};
		E9456AE265A42DCF6C1EF897 /* [CP] Embed Pods Frameworks */ = {
			isa = PBXShellScriptBuildPhase;
			buildActionMask = 2147483647;
			files = (
			);
			inputFileListPaths = (
				"${PODS_ROOT}/Target Support Files/Pods-PoseEstimation/Pods-PoseEstimation-frameworks-${CONFIGURATION}-input-files.xcfilelist",
			);
			name = "[CP] Embed Pods Frameworks";
			outputFileListPaths = (
				"${PODS_ROOT}/Target Support Files/Pods-PoseEstimation/Pods-PoseEstimation-frameworks-${CONFIGURATION}-output-files.xcfilelist",
			);
			runOnlyForDeploymentPostprocessing = 0;
			shellPath = /bin/sh;
			shellScript = "\"${PODS_ROOT}/Target Support Files/Pods-PoseEstimation/Pods-PoseEstimation-frameworks.sh\"\n";
			showEnvVarsInLog = 0;
		};
/* End PBXShellScriptBuildPhase section */

/* Begin PBXSourcesBuildPhase section */
		7E44E0812450272F00E48B00 /* Sources */ = {
			isa = PBXSourcesBuildPhase;
			buildActionMask = 2147483647;
			files = (
				7E44E0BF2450AB7F00E48B00 /* HeatmapPostProcessor.swift in Sources */,
				7E44E0A1245043D600E48B00 /* HTTPService.swift in Sources */,
				7E44E0BA2450A9B500E48B00 /* VideoCapture.swift in Sources */,
				7E44E0BC2450AA1A00E48B00 /* Measure.swift in Sources */,
				7E44E09D2450331A00E48B00 /* VideoVC.swift in Sources */,
				7E44E0B82450A6EA00E48B00 /* model_cpm.mlmodel in Sources */,
				7E44E09F2450375A00E48B00 /* TTSManager.swift in Sources */,
				7E737F1C2451FE3E00359950 /* OnboardingVC.swift in Sources */,
				7E44E0C02450AB7F00E48B00 /* MovingAverageFilter.swift in Sources */,
				7E44E0C42450AC4700E48B00 /* DrawingJointView.swift in Sources */,
				7E44E0892450273000E48B00 /* AppDelegate.swift in Sources */,
				7E44E0C22450ABA200E48B00 /* PredictedPoint.swift in Sources */,
				7E17005F24517F86008A45F2 /* VideoWriteManager.swift in Sources */,
				7E737F1E2451FE5300359950 /* OnboardingCVC.swift in Sources */,
				7E44E08B2450273000E48B00 /* SceneDelegate.swift in Sources */,
				7E737F182451D6C600359950 /* Extensions.swift in Sources */,
			);
			runOnlyForDeploymentPostprocessing = 0;
		};
/* End PBXSourcesBuildPhase section */

/* Begin PBXVariantGroup section */
		7E44E08E2450273000E48B00 /* Main.storyboard */ = {
			isa = PBXVariantGroup;
			children = (
				7E44E08F2450273000E48B00 /* Base */,
			);
			name = Main.storyboard;
			sourceTree = "<group>";
		};
		7E44E0932450273300E48B00 /* LaunchScreen.storyboard */ = {
			isa = PBXVariantGroup;
			children = (
				7E44E0942450273300E48B00 /* Base */,
			);
			name = LaunchScreen.storyboard;
			sourceTree = "<group>";
		};
/* End PBXVariantGroup section */

/* Begin XCBuildConfiguration section */
		7E44E0972450273300E48B00 /* Debug */ = {
			isa = XCBuildConfiguration;
			buildSettings = {
				ALWAYS_SEARCH_USER_PATHS = NO;
				CLANG_ANALYZER_NONNULL = YES;
				CLANG_ANALYZER_NUMBER_OBJECT_CONVERSION = YES_AGGRESSIVE;
				CLANG_CXX_LANGUAGE_STANDARD = "gnu++14";
				CLANG_CXX_LIBRARY = "libc++";
				CLANG_ENABLE_MODULES = YES;
				CLANG_ENABLE_OBJC_ARC = YES;
				CLANG_ENABLE_OBJC_WEAK = YES;
				CLANG_WARN_BLOCK_CAPTURE_AUTORELEASING = YES;
				CLANG_WARN_BOOL_CONVERSION = YES;
				CLANG_WARN_COMMA = YES;
				CLANG_WARN_CONSTANT_CONVERSION = YES;
				CLANG_WARN_DEPRECATED_OBJC_IMPLEMENTATIONS = YES;
				CLANG_WARN_DIRECT_OBJC_ISA_USAGE = YES_ERROR;
				CLANG_WARN_DOCUMENTATION_COMMENTS = YES;
				CLANG_WARN_EMPTY_BODY = YES;
				CLANG_WARN_ENUM_CONVERSION = YES;
				CLANG_WARN_INFINITE_RECURSION = YES;
				CLANG_WARN_INT_CONVERSION = YES;
				CLANG_WARN_NON_LITERAL_NULL_CONVERSION = YES;
				CLANG_WARN_OBJC_IMPLICIT_RETAIN_SELF = YES;
				CLANG_WARN_OBJC_LITERAL_CONVERSION = YES;
				CLANG_WARN_OBJC_ROOT_CLASS = YES_ERROR;
				CLANG_WARN_RANGE_LOOP_ANALYSIS = YES;
				CLANG_WARN_STRICT_PROTOTYPES = YES;
				CLANG_WARN_SUSPICIOUS_MOVE = YES;
				CLANG_WARN_UNGUARDED_AVAILABILITY = YES_AGGRESSIVE;
				CLANG_WARN_UNREACHABLE_CODE = YES;
				CLANG_WARN__DUPLICATE_METHOD_MATCH = YES;
				COPY_PHASE_STRIP = NO;
				DEBUG_INFORMATION_FORMAT = dwarf;
				ENABLE_STRICT_OBJC_MSGSEND = YES;
				ENABLE_TESTABILITY = YES;
				GCC_C_LANGUAGE_STANDARD = gnu11;
				GCC_DYNAMIC_NO_PIC = NO;
				GCC_NO_COMMON_BLOCKS = YES;
				GCC_OPTIMIZATION_LEVEL = 0;
				GCC_PREPROCESSOR_DEFINITIONS = (
					"DEBUG=1",
					"$(inherited)",
				);
				GCC_WARN_64_TO_32_BIT_CONVERSION = YES;
				GCC_WARN_ABOUT_RETURN_TYPE = YES_ERROR;
				GCC_WARN_UNDECLARED_SELECTOR = YES;
				GCC_WARN_UNINITIALIZED_AUTOS = YES_AGGRESSIVE;
				GCC_WARN_UNUSED_FUNCTION = YES;
				GCC_WARN_UNUSED_VARIABLE = YES;
				IPHONEOS_DEPLOYMENT_TARGET = 13.4;
				MTL_ENABLE_DEBUG_INFO = INCLUDE_SOURCE;
				MTL_FAST_MATH = YES;
				ONLY_ACTIVE_ARCH = YES;
				SDKROOT = iphoneos;
				SWIFT_ACTIVE_COMPILATION_CONDITIONS = DEBUG;
				SWIFT_OPTIMIZATION_LEVEL = "-Onone";
			};
			name = Debug;
		};
		7E44E0982450273300E48B00 /* Release */ = {
			isa = XCBuildConfiguration;
			buildSettings = {
				ALWAYS_SEARCH_USER_PATHS = NO;
				CLANG_ANALYZER_NONNULL = YES;
				CLANG_ANALYZER_NUMBER_OBJECT_CONVERSION = YES_AGGRESSIVE;
				CLANG_CXX_LANGUAGE_STANDARD = "gnu++14";
				CLANG_CXX_LIBRARY = "libc++";
				CLANG_ENABLE_MODULES = YES;
				CLANG_ENABLE_OBJC_ARC = YES;
				CLANG_ENABLE_OBJC_WEAK = YES;
				CLANG_WARN_BLOCK_CAPTURE_AUTORELEASING = YES;
				CLANG_WARN_BOOL_CONVERSION = YES;
				CLANG_WARN_COMMA = YES;
				CLANG_WARN_CONSTANT_CONVERSION = YES;
				CLANG_WARN_DEPRECATED_OBJC_IMPLEMENTATIONS = YES;
				CLANG_WARN_DIRECT_OBJC_ISA_USAGE = YES_ERROR;
				CLANG_WARN_DOCUMENTATION_COMMENTS = YES;
				CLANG_WARN_EMPTY_BODY = YES;
				CLANG_WARN_ENUM_CONVERSION = YES;
				CLANG_WARN_INFINITE_RECURSION = YES;
				CLANG_WARN_INT_CONVERSION = YES;
				CLANG_WARN_NON_LITERAL_NULL_CONVERSION = YES;
				CLANG_WARN_OBJC_IMPLICIT_RETAIN_SELF = YES;
				CLANG_WARN_OBJC_LITERAL_CONVERSION = YES;
				CLANG_WARN_OBJC_ROOT_CLASS = YES_ERROR;
				CLANG_WARN_RANGE_LOOP_ANALYSIS = YES;
				CLANG_WARN_STRICT_PROTOTYPES = YES;
				CLANG_WARN_SUSPICIOUS_MOVE = YES;
				CLANG_WARN_UNGUARDED_AVAILABILITY = YES_AGGRESSIVE;
				CLANG_WARN_UNREACHABLE_CODE = YES;
				CLANG_WARN__DUPLICATE_METHOD_MATCH = YES;
				COPY_PHASE_STRIP = NO;
				DEBUG_INFORMATION_FORMAT = "dwarf-with-dsym";
				ENABLE_NS_ASSERTIONS = NO;
				ENABLE_STRICT_OBJC_MSGSEND = YES;
				GCC_C_LANGUAGE_STANDARD = gnu11;
				GCC_NO_COMMON_BLOCKS = YES;
				GCC_WARN_64_TO_32_BIT_CONVERSION = YES;
				GCC_WARN_ABOUT_RETURN_TYPE = YES_ERROR;
				GCC_WARN_UNDECLARED_SELECTOR = YES;
				GCC_WARN_UNINITIALIZED_AUTOS = YES_AGGRESSIVE;
				GCC_WARN_UNUSED_FUNCTION = YES;
				GCC_WARN_UNUSED_VARIABLE = YES;
				IPHONEOS_DEPLOYMENT_TARGET = 13.4;
				MTL_ENABLE_DEBUG_INFO = NO;
				MTL_FAST_MATH = YES;
				SDKROOT = iphoneos;
				SWIFT_COMPILATION_MODE = wholemodule;
				SWIFT_OPTIMIZATION_LEVEL = "-O";
				VALIDATE_PRODUCT = YES;
			};
			name = Release;
		};
		7E44E09A2450273300E48B00 /* Debug */ = {
			isa = XCBuildConfiguration;
			baseConfigurationReference = C7BE2F810924948FEC6D44F1 /* Pods-PoseEstimation.debug.xcconfig */;
			buildSettings = {
				ASSETCATALOG_COMPILER_APPICON_NAME = AppIcon;
				CODE_SIGN_STYLE = Automatic;
				CURRENT_PROJECT_VERSION = 2020.04.23.1655;
				DEVELOPMENT_TEAM = E5FYD94489;
				INFOPLIST_FILE = PoseEstimation/Info.plist;
				IPHONEOS_DEPLOYMENT_TARGET = 13.0;
				LD_RUNPATH_SEARCH_PATHS = (
					"$(inherited)",
					"@executable_path/Frameworks",
				);
				MARKETING_VERSION = 0.1;
				PRODUCT_BUNDLE_IDENTIFIER = com.lazar89nis.PoseEstimation;
				PRODUCT_NAME = Resilient.ai;
				SWIFT_VERSION = 5.0;
				TARGETED_DEVICE_FAMILY = 1;
			};
			name = Debug;
		};
		7E44E09B2450273300E48B00 /* Release */ = {
			isa = XCBuildConfiguration;
			baseConfigurationReference = 8B22F20BD17C6FA6A34415BB /* Pods-PoseEstimation.release.xcconfig */;
			buildSettings = {
				ASSETCATALOG_COMPILER_APPICON_NAME = AppIcon;
				CODE_SIGN_STYLE = Automatic;
				CURRENT_PROJECT_VERSION = 2020.04.23.1655;
				DEVELOPMENT_TEAM = E5FYD94489;
				INFOPLIST_FILE = PoseEstimation/Info.plist;
				IPHONEOS_DEPLOYMENT_TARGET = 13.0;
				LD_RUNPATH_SEARCH_PATHS = (
					"$(inherited)",
					"@executable_path/Frameworks",
				);
				MARKETING_VERSION = 0.1;
				PRODUCT_BUNDLE_IDENTIFIER = com.lazar89nis.PoseEstimation;
				PRODUCT_NAME = Resilient.ai;
				SWIFT_VERSION = 5.0;
				TARGETED_DEVICE_FAMILY = 1;
			};
			name = Release;
		};
/* End XCBuildConfiguration section */

/* Begin XCConfigurationList section */
		7E44E0802450272F00E48B00 /* Build configuration list for PBXProject "PoseEstimation" */ = {
			isa = XCConfigurationList;
			buildConfigurations = (
				7E44E0972450273300E48B00 /* Debug */,
				7E44E0982450273300E48B00 /* Release */,
			);
			defaultConfigurationIsVisible = 0;
			defaultConfigurationName = Release;
		};
		7E44E0992450273300E48B00 /* Build configuration list for PBXNativeTarget "PoseEstimation" */ = {
			isa = XCConfigurationList;
			buildConfigurations = (
				7E44E09A2450273300E48B00 /* Debug */,
				7E44E09B2450273300E48B00 /* Release */,
			);
			defaultConfigurationIsVisible = 0;
			defaultConfigurationName = Release;
		};
/* End XCConfigurationList section */
	};
	rootObject = 7E44E07D2450272F00E48B00 /* Project object */;
}
